
Microsoft Visual Studio Solution File, Format Version 12.00
# Visual Studio Version 17
VisualStudioVersion = 17.8.34330.188
MinimumVisualStudioVersion = 10.0.40219.1
Project("{C9674DCB-5085-4A16-B785-4C70DD1589BD}") = "CuoiKy", "CuoiKy\CuoiKy.dtproj", "{A65F8D19-B2A4-46D0-9810-5609E22B921A}"
EndProject
Global
	GlobalSection(SolutionConfigurationPlatforms) = preSolution
		Development|Default = Development|Default
	EndGlobalSection
	GlobalSection(ProjectConfigurationPlatforms) = postSolution
		{A65F8D19-B2A4-46D0-9810-5609E22B921A}.Development|Default.ActiveCfg = Development
		{A65F8D19-B2A4-46D0-9810-5609E22B921A}.Development|Default.Build.0 = Development
	EndGlobalSection
	GlobalSection(SolutionProperties) = preSolution
		HideSolutionNode = FALSE
	EndGlobalSection
	GlobalSection(ExtensibilityGlobals) = postSolution
		SolutionGuid = {356BCA96-A6AF-4097-B63B-DC3AC949D74B}
	EndGlobalSection
EndGlobal
